
Microsoft Visual Studio Solution File, Format Version 12.00
# Visual Studio 15
VisualStudioVersion = 15.0.27004.2010
MinimumVisualStudioVersion = 10.0.40219.1
Project("{D954291E-2A0B-460D-934E-DC6B0785DB48}") = "Karamin", "Karamin\Karamin\Karamin.shproj", "{C7F964BB-818F-4BB8-B663-2412A7DC9B8F}"
EndProject
Project("{FAE04EC0-301F-11D3-BF4B-00C04F79EFBC}") = "Karamin.Android", "Karamin\Karamin.Android\Karamin.Android.csproj", "{A572DC26-65FA-4BC4-B70E-5BAF938EE18E}"
EndProject
Project("{FAE04EC0-301F-11D3-BF4B-00C04F79EFBC}") = "Karamin.iOS", "Karamin\Karamin.iOS\Karamin.iOS.csproj", "{321C80FC-48AA-49BE-B859-4081C5A79AFB}"
EndProject
Project("{FAE04EC0-301F-11D3-BF4B-00C04F79EFBC}") = "Karamin.UWP", "Karamin\Karamin.UWP\Karamin.UWP.csproj", "{5919ABDF-DE04-4972-A782-FCC0A406D8E0}"
EndProject
Global
	GlobalSection(SharedMSBuildProjectFiles) = preSolution
		Karamin\Karamin\Karamin.projitems*{321c80fc-48aa-49be-b859-4081c5a79afb}*SharedItemsImports = 4
		Karamin\Karamin\Karamin.projitems*{5919abdf-de04-4972-a782-fcc0a406d8e0}*SharedItemsImports = 4
		Karamin\Karamin\Karamin.projitems*{a572dc26-65fa-4bc4-b70e-5baf938ee18e}*SharedItemsImports = 4
		Karamin\Karamin\Karamin.projitems*{c7f964bb-818f-4bb8-b663-2412a7dc9b8f}*SharedItemsImports = 13
	EndGlobalSection
	GlobalSection(SolutionConfigurationPlatforms) = preSolution
		Ad-Hoc|Any CPU = Ad-Hoc|Any CPU
		Ad-Hoc|ARM = Ad-Hoc|ARM
		Ad-Hoc|iPhone = Ad-Hoc|iPhone
		Ad-Hoc|iPhoneSimulator = Ad-Hoc|iPhoneSimulator
		Ad-Hoc|x64 = Ad-Hoc|x64
		Ad-Hoc|x86 = Ad-Hoc|x86
		AppStore|Any CPU = AppStore|Any CPU
		AppStore|ARM = AppStore|ARM
		AppStore|iPhone = AppStore|iPhone
		AppStore|iPhoneSimulator = AppStore|iPhoneSimulator
		AppStore|x64 = AppStore|x64
		AppStore|x86 = AppStore|x86
		Debug|Any CPU = Debug|Any CPU
		Debug|ARM = Debug|ARM
		Debug|iPhone = Debug|iPhone
		Debug|iPhoneSimulator = Debug|iPhoneSimulator
		Debug|x64 = Debug|x64
		Debug|x86 = Debug|x86
		Release|Any CPU = Release|Any CPU
		Release|ARM = Release|ARM
		Release|iPhone = Release|iPhone
		Release|iPhoneSimulator = Release|iPhoneSimulator
		Release|x64 = Release|x64
		Release|x86 = Release|x86
	EndGlobalSection
	GlobalSection(ProjectConfigurationPlatforms) = postSolution
		{A572DC26-65FA-4BC4-B70E-5BAF938EE18E}.Ad-Hoc|Any CPU.ActiveCfg = Release|Any CPU
		{A572DC26-65FA-4BC4-B70E-5BAF938EE18E}.Ad-Hoc|Any CPU.Build.0 = Release|Any CPU
		{A572DC26-65FA-4BC4-B70E-5BAF938EE18E}.Ad-Hoc|Any CPU.Deploy.0 = Release|Any CPU
		{A572DC26-65FA-4BC4-B70E-5BAF938EE18E}.Ad-Hoc|ARM.ActiveCfg = Release|Any CPU
		{A572DC26-65FA-4BC4-B70E-5BAF938EE18E}.Ad-Hoc|ARM.Build.0 = Release|Any CPU
		{A572DC26-65FA-4BC4-B70E-5BAF938EE18E}.Ad-Hoc|ARM.Deploy.0 = Release|Any CPU
		{A572DC26-65FA-4BC4-B70E-5BAF938EE18E}.Ad-Hoc|iPhone.ActiveCfg = Release|Any CPU
		{A572DC26-65FA-4BC4-B70E-5BAF938EE18E}.Ad-Hoc|iPhone.Build.0 = Release|Any CPU
		{A572DC26-65FA-4BC4-B70E-5BAF938EE18E}.Ad-Hoc|iPhone.Deploy.0 = Release|Any CPU
		{A572DC26-65FA-4BC4-B70E-5BAF938EE18E}.Ad-Hoc|iPhoneSimulator.ActiveCfg = Release|Any CPU
		{A572DC26-65FA-4BC4-B70E-5BAF938EE18E}.Ad-Hoc|iPhoneSimulator.Build.0 = Release|Any CPU
		{A572DC26-65FA-4BC4-B70E-5BAF938EE18E}.Ad-Hoc|iPhoneSimulator.Deploy.0 = Release|Any CPU
		{A572DC26-65FA-4BC4-B70E-5BAF938EE18E}.Ad-Hoc|x64.ActiveCfg = Release|Any CPU
		{A572DC26-65FA-4BC4-B70E-5BAF938EE18E}.Ad-Hoc|x64.Build.0 = Release|Any CPU
		{A572DC26-65FA-4BC4-B70E-5BAF938EE18E}.Ad-Hoc|x64.Deploy.0 = Release|Any CPU
		{A572DC26-65FA-4BC4-B70E-5BAF938EE18E}.Ad-Hoc|x86.ActiveCfg = Release|Any CPU
		{A572DC26-65FA-4BC4-B70E-5BAF938EE18E}.Ad-Hoc|x86.Build.0 = Release|Any CPU
		{A572DC26-65FA-4BC4-B70E-5BAF938EE18E}.Ad-Hoc|x86.Deploy.0 = Release|Any CPU
		{A572DC26-65FA-4BC4-B70E-5BAF938EE18E}.AppStore|Any CPU.ActiveCfg = Release|Any CPU
		{A572DC26-65FA-4BC4-B70E-5BAF938EE18E}.AppStore|Any CPU.Build.0 = Release|Any CPU
		{A572DC26-65FA-4BC4-B70E-5BAF938EE18E}.AppStore|Any CPU.Deploy.0 = Release|Any CPU
		{A572DC26-65FA-4BC4-B70E-5BAF938EE18E}.AppStore|ARM.ActiveCfg = Release|Any CPU
		{A572DC26-65FA-4BC4-B70E-5BAF938EE18E}.AppStore|ARM.Build.0 = Release|Any CPU
		{A572DC26-65FA-4BC4-B70E-5BAF938EE18E}.AppStore|ARM.Deploy.0 = Release|Any CPU
		{A572DC26-65FA-4BC4-B70E-5BAF938EE18E}.AppStore|iPhone.ActiveCfg = Release|Any CPU
		{A572DC26-65FA-4BC4-B70E-5BAF938EE18E}.AppStore|iPhone.Build.0 = Release|Any CPU
		{A572DC26-65FA-4BC4-B70E-5BAF938EE18E}.AppStore|iPhone.Deploy.0 = Release|Any CPU
		{A572DC26-65FA-4BC4-B70E-5BAF938EE18E}.AppStore|iPhoneSimulator.ActiveCfg = Release|Any CPU
		{A572DC26-65FA-4BC4-B70E-5BAF938EE18E}.AppStore|iPhoneSimulator.Build.0 = Release|Any CPU
		{A572DC26-65FA-4BC4-B70E-5BAF938EE18E}.AppStore|iPhoneSimulator.Deploy.0 = Release|Any CPU
		{A572DC26-65FA-4BC4-B70E-5BAF938EE18E}.AppStore|x64.ActiveCfg = Release|Any CPU
		{A572DC26-65FA-4BC4-B70E-5BAF938EE18E}.AppStore|x64.Build.0 = Release|Any CPU
		{A572DC26-65FA-4BC4-B70E-5BAF938EE18E}.AppStore|x64.Deploy.0 = Release|Any CPU
		{A572DC26-65FA-4BC4-B70E-5BAF938EE18E}.AppStore|x86.ActiveCfg = Release|Any CPU
		{A572DC26-65FA-4BC4-B70E-5BAF938EE18E}.AppStore|x86.Build.0 = Release|Any CPU
		{A572DC26-65FA-4BC4-B70E-5BAF938EE18E}.AppStore|x86.Deploy.0 = Release|Any CPU
		{A572DC26-65FA-4BC4-B70E-5BAF938EE18E}.Debug|Any CPU.ActiveCfg = Debug|Any CPU
		{A572DC26-65FA-4BC4-B70E-5BAF938EE18E}.Debug|Any CPU.Build.0 = Debug|Any CPU
		{A572DC26-65FA-4BC4-B70E-5BAF938EE18E}.Debug|Any CPU.Deploy.0 = Debug|Any CPU
		{A572DC26-65FA-4BC4-B70E-5BAF938EE18E}.Debug|ARM.ActiveCfg = Debug|Any CPU
		{A572DC26-65FA-4BC4-B70E-5BAF938EE18E}.Debug|ARM.Build.0 = Debug|Any CPU
		{A572DC26-65FA-4BC4-B70E-5BAF938EE18E}.Debug|ARM.Deploy.0 = Debug|Any CPU
		{A572DC26-65FA-4BC4-B70E-5BAF938EE18E}.Debug|iPhone.ActiveCfg = Debug|Any CPU
		{A572DC26-65FA-4BC4-B70E-5BAF938EE18E}.Debug|iPhone.Build.0 = Debug|Any CPU
		{A572DC26-65FA-4BC4-B70E-5BAF938EE18E}.Debug|iPhone.Deploy.0 = Debug|Any CPU
		{A572DC26-65FA-4BC4-B70E-5BAF938EE18E}.Debug|iPhoneSimulator.ActiveCfg = Debug|Any CPU
		{A572DC26-65FA-4BC4-B70E-5BAF938EE18E}.Debug|iPhoneSimulator.Build.0 = Debug|Any CPU
		{A572DC26-65FA-4BC4-B70E-5BAF938EE18E}.Debug|iPhoneSimulator.Deploy.0 = Debug|Any CPU
		{A572DC26-65FA-4BC4-B70E-5BAF938EE18E}.Debug|x64.ActiveCfg = Debug|Any CPU
		{A572DC26-65FA-4BC4-B70E-5BAF938EE18E}.Debug|x64.Build.0 = Debug|Any CPU
		{A572DC26-65FA-4BC4-B70E-5BAF938EE18E}.Debug|x64.Deploy.0 = Debug|Any CPU
		{A572DC26-65FA-4BC4-B70E-5BAF938EE18E}.Debug|x86.ActiveCfg = Debug|Any CPU
		{A572DC26-65FA-4BC4-B70E-5BAF938EE18E}.Debug|x86.Build.0 = Debug|Any CPU
		{A572DC26-65FA-4BC4-B70E-5BAF938EE18E}.Debug|x86.Deploy.0 = Debug|Any CPU
		{A572DC26-65FA-4BC4-B70E-5BAF938EE18E}.Release|Any CPU.ActiveCfg = Release|Any CPU
		{A572DC26-65FA-4BC4-B70E-5BAF938EE18E}.Release|Any CPU.Build.0 = Release|Any CPU
		{A572DC26-65FA-4BC4-B70E-5BAF938EE18E}.Release|Any CPU.Deploy.0 = Release|Any CPU
		{A572DC26-65FA-4BC4-B70E-5BAF938EE18E}.Release|ARM.ActiveCfg = Release|Any CPU
		{A572DC26-65FA-4BC4-B70E-5BAF938EE18E}.Release|ARM.Build.0 = Release|Any CPU
		{A572DC26-65FA-4BC4-B70E-5BAF938EE18E}.Release|ARM.Deploy.0 = Release|Any CPU
		{A572DC26-65FA-4BC4-B70E-5BAF938EE18E}.Release|iPhone.ActiveCfg = Release|Any CPU
		{A572DC26-65FA-4BC4-B70E-5BAF938EE18E}.Release|iPhone.Build.0 = Release|Any CPU
		{A572DC26-65FA-4BC4-B70E-5BAF938EE18E}.Release|iPhone.Deploy.0 = Release|Any CPU
		{A572DC26-65FA-4BC4-B70E-5BAF938EE18E}.Release|iPhoneSimulator.ActiveCfg = Release|Any CPU
		{A572DC26-65FA-4BC4-B70E-5BAF938EE18E}.Release|iPhoneSimulator.Build.0 = Release|Any CPU
		{A572DC26-65FA-4BC4-B70E-5BAF938EE18E}.Release|iPhoneSimulator.Deploy.0 = Release|Any CPU
		{A572DC26-65FA-4BC4-B70E-5BAF938EE18E}.Release|x64.ActiveCfg = Release|Any CPU
		{A572DC26-65FA-4BC4-B70E-5BAF938EE18E}.Release|x64.Build.0 = Release|Any CPU
		{A572DC26-65FA-4BC4-B70E-5BAF938EE18E}.Release|x64.Deploy.0 = Release|Any CPU
		{A572DC26-65FA-4BC4-B70E-5BAF938EE18E}.Release|x86.ActiveCfg = Release|Any CPU
		{A572DC26-65FA-4BC4-B70E-5BAF938EE18E}.Release|x86.Build.0 = Release|Any CPU
		{A572DC26-65FA-4BC4-B70E-5BAF938EE18E}.Release|x86.Deploy.0 = Release|Any CPU
		{321C80FC-48AA-49BE-B859-4081C5A79AFB}.Ad-Hoc|Any CPU.ActiveCfg = Ad-Hoc|iPhoneSimulator
		{321C80FC-48AA-49BE-B859-4081C5A79AFB}.Ad-Hoc|ARM.ActiveCfg = Ad-Hoc|iPhone
		{321C80FC-48AA-49BE-B859-4081C5A79AFB}.Ad-Hoc|iPhone.ActiveCfg = Ad-Hoc|iPhone
		{321C80FC-48AA-49BE-B859-4081C5A79AFB}.Ad-Hoc|iPhone.Build.0 = Ad-Hoc|iPhone
		{321C80FC-48AA-49BE-B859-4081C5A79AFB}.Ad-Hoc|iPhoneSimulator.ActiveCfg = Ad-Hoc|iPhoneSimulator
		{321C80FC-48AA-49BE-B859-4081C5A79AFB}.Ad-Hoc|iPhoneSimulator.Build.0 = Ad-Hoc|iPhoneSimulator
		{321C80FC-48AA-49BE-B859-4081C5A79AFB}.Ad-Hoc|x64.ActiveCfg = Ad-Hoc|iPhone
		{321C80FC-48AA-49BE-B859-4081C5A79AFB}.Ad-Hoc|x86.ActiveCfg = Ad-Hoc|iPhone
		{321C80FC-48AA-49BE-B859-4081C5A79AFB}.AppStore|Any CPU.ActiveCfg = AppStore|iPhoneSimulator
		{321C80FC-48AA-49BE-B859-4081C5A79AFB}.AppStore|ARM.ActiveCfg = AppStore|iPhone
		{321C80FC-48AA-49BE-B859-4081C5A79AFB}.AppStore|iPhone.ActiveCfg = AppStore|iPhone
		{321C80FC-48AA-49BE-B859-4081C5A79AFB}.AppStore|iPhone.Build.0 = AppStore|iPhone
		{321C80FC-48AA-49BE-B859-4081C5A79AFB}.AppStore|iPhoneSimulator.ActiveCfg = AppStore|iPhoneSimulator
		{321C80FC-48AA-49BE-B859-4081C5A79AFB}.AppStore|iPhoneSimulator.Build.0 = AppStore|iPhoneSimulator
		{321C80FC-48AA-49BE-B859-4081C5A79AFB}.AppStore|x64.ActiveCfg = AppStore|iPhone
		{321C80FC-48AA-49BE-B859-4081C5A79AFB}.AppStore|x86.ActiveCfg = AppStore|iPhone
		{321C80FC-48AA-49BE-B859-4081C5A79AFB}.Debug|Any CPU.ActiveCfg = Debug|iPhoneSimulator
		{321C80FC-48AA-49BE-B859-4081C5A79AFB}.Debug|ARM.ActiveCfg = Debug|iPhone
		{321C80FC-48AA-49BE-B859-4081C5A79AFB}.Debug|iPhone.ActiveCfg = Debug|iPhone
		{321C80FC-48AA-49BE-B859-4081C5A79AFB}.Debug|iPhone.Build.0 = Debug|iPhone
		{321C80FC-48AA-49BE-B859-4081C5A79AFB}.Debug|iPhoneSimulator.ActiveCfg = Debug|iPhoneSimulator
		{321C80FC-48AA-49BE-B859-4081C5A79AFB}.Debug|iPhoneSimulator.Build.0 = Debug|iPhoneSimulator
		{321C80FC-48AA-49BE-B859-4081C5A79AFB}.Debug|x64.ActiveCfg = Debug|iPhone
		{321C80FC-48AA-49BE-B859-4081C5A79AFB}.Debug|x86.ActiveCfg = Debug|iPhone
		{321C80FC-48AA-49BE-B859-4081C5A79AFB}.Release|Any CPU.ActiveCfg = Release|iPhoneSimulator
		{321C80FC-48AA-49BE-B859-4081C5A79AFB}.Release|ARM.ActiveCfg = Release|iPhone
		{321C80FC-48AA-49BE-B859-4081C5A79AFB}.Release|iPhone.ActiveCfg = Release|iPhone
		{321C80FC-48AA-49BE-B859-4081C5A79AFB}.Release|iPhone.Build.0 = Release|iPhone
		{321C80FC-48AA-49BE-B859-4081C5A79AFB}.Release|iPhoneSimulator.ActiveCfg = Release|iPhoneSimulator
		{321C80FC-48AA-49BE-B859-4081C5A79AFB}.Release|iPhoneSimulator.Build.0 = Release|iPhoneSimulator
		{321C80FC-48AA-49BE-B859-4081C5A79AFB}.Release|x64.ActiveCfg = Release|iPhone
		{321C80FC-48AA-49BE-B859-4081C5A79AFB}.Release|x86.ActiveCfg = Release|iPhone
		{5919ABDF-DE04-4972-A782-FCC0A406D8E0}.Ad-Hoc|Any CPU.ActiveCfg = Release|x86
		{5919ABDF-DE04-4972-A782-FCC0A406D8E0}.Ad-Hoc|Any CPU.Build.0 = Release|x86
		{5919ABDF-DE04-4972-A782-FCC0A406D8E0}.Ad-Hoc|Any CPU.Deploy.0 = Release|x86
		{5919ABDF-DE04-4972-A782-FCC0A406D8E0}.Ad-Hoc|ARM.ActiveCfg = Release|ARM
		{5919ABDF-DE04-4972-A782-FCC0A406D8E0}.Ad-Hoc|ARM.Build.0 = Release|ARM
		{5919ABDF-DE04-4972-A782-FCC0A406D8E0}.Ad-Hoc|ARM.Deploy.0 = Release|ARM
		{5919ABDF-DE04-4972-A782-FCC0A406D8E0}.Ad-Hoc|iPhone.ActiveCfg = Release|x86
		{5919ABDF-DE04-4972-A782-FCC0A406D8E0}.Ad-Hoc|iPhone.Build.0 = Release|x86
		{5919ABDF-DE04-4972-A782-FCC0A406D8E0}.Ad-Hoc|iPhone.Deploy.0 = Release|x86
		{5919ABDF-DE04-4972-A782-FCC0A406D8E0}.Ad-Hoc|iPhoneSimulator.ActiveCfg = Release|x86
		{5919ABDF-DE04-4972-A782-FCC0A406D8E0}.Ad-Hoc|iPhoneSimulator.Build.0 = Release|x86
		{5919ABDF-DE04-4972-A782-FCC0A406D8E0}.Ad-Hoc|iPhoneSimulator.Deploy.0 = Release|x86
		{5919ABDF-DE04-4972-A782-FCC0A406D8E0}.Ad-Hoc|x64.ActiveCfg = Release|x64
		{5919ABDF-DE04-4972-A782-FCC0A406D8E0}.Ad-Hoc|x64.Build.0 = Release|x64
		{5919ABDF-DE04-4972-A782-FCC0A406D8E0}.Ad-Hoc|x64.Deploy.0 = Release|x64
		{5919ABDF-DE04-4972-A782-FCC0A406D8E0}.Ad-Hoc|x86.ActiveCfg = Release|x86
		{5919ABDF-DE04-4972-A782-FCC0A406D8E0}.Ad-Hoc|x86.Build.0 = Release|x86
		{5919ABDF-DE04-4972-A782-FCC0A406D8E0}.Ad-Hoc|x86.Deploy.0 = Release|x86
		{5919ABDF-DE04-4972-A782-FCC0A406D8E0}.AppStore|Any CPU.ActiveCfg = Release|x86
		{5919ABDF-DE04-4972-A782-FCC0A406D8E0}.AppStore|Any CPU.Build.0 = Release|x86
		{5919ABDF-DE04-4972-A782-FCC0A406D8E0}.AppStore|Any CPU.Deploy.0 = Release|x86
		{5919ABDF-DE04-4972-A782-FCC0A406D8E0}.AppStore|ARM.ActiveCfg = Release|ARM
		{5919ABDF-DE04-4972-A782-FCC0A406D8E0}.AppStore|ARM.Build.0 = Release|ARM
		{5919ABDF-DE04-4972-A782-FCC0A406D8E0}.AppStore|ARM.Deploy.0 = Release|ARM
		{5919ABDF-DE04-4972-A782-FCC0A406D8E0}.AppStore|iPhone.ActiveCfg = Release|x86
		{5919ABDF-DE04-4972-A782-FCC0A406D8E0}.AppStore|iPhone.Build.0 = Release|x86
		{5919ABDF-DE04-4972-A782-FCC0A406D8E0}.AppStore|iPhone.Deploy.0 = Release|x86
		{5919ABDF-DE04-4972-A782-FCC0A406D8E0}.AppStore|iPhoneSimulator.ActiveCfg = Release|x86
		{5919ABDF-DE04-4972-A782-FCC0A406D8E0}.AppStore|iPhoneSimulator.Build.0 = Release|x86
		{5919ABDF-DE04-4972-A782-FCC0A406D8E0}.AppStore|iPhoneSimulator.Deploy.0 = Release|x86
		{5919ABDF-DE04-4972-A782-FCC0A406D8E0}.AppStore|x64.ActiveCfg = Release|x64
		{5919ABDF-DE04-4972-A782-FCC0A406D8E0}.AppStore|x64.Build.0 = Release|x64
		{5919ABDF-DE04-4972-A782-FCC0A406D8E0}.AppStore|x64.Deploy.0 = Release|x64
		{5919ABDF-DE04-4972-A782-FCC0A406D8E0}.AppStore|x86.ActiveCfg = Release|x86
		{5919ABDF-DE04-4972-A782-FCC0A406D8E0}.AppStore|x86.Build.0 = Release|x86
		{5919ABDF-DE04-4972-A782-FCC0A406D8E0}.AppStore|x86.Deploy.0 = Release|x86
		{5919ABDF-DE04-4972-A782-FCC0A406D8E0}.Debug|Any CPU.ActiveCfg = Debug|x86
		{5919ABDF-DE04-4972-A782-FCC0A406D8E0}.Debug|ARM.ActiveCfg = Debug|ARM
		{5919ABDF-DE04-4972-A782-FCC0A406D8E0}.Debug|ARM.Build.0 = Debug|ARM
		{5919ABDF-DE04-4972-A782-FCC0A406D8E0}.Debug|ARM.Deploy.0 = Debug|ARM
		{5919ABDF-DE04-4972-A782-FCC0A406D8E0}.Debug|iPhone.ActiveCfg = Debug|x86
		{5919ABDF-DE04-4972-A782-FCC0A406D8E0}.Debug|iPhoneSimulator.ActiveCfg = Debug|x86
		{5919ABDF-DE04-4972-A782-FCC0A406D8E0}.Debug|x64.ActiveCfg = Debug|x64
		{5919ABDF-DE04-4972-A782-FCC0A406D8E0}.Debug|x64.Build.0 = Debug|x64
		{5919ABDF-DE04-4972-A782-FCC0A406D8E0}.Debug|x64.Deploy.0 = Debug|x64
		{5919ABDF-DE04-4972-A782-FCC0A406D8E0}.Debug|x86.ActiveCfg = Debug|x86
		{5919ABDF-DE04-4972-A782-FCC0A406D8E0}.Debug|x86.Build.0 = Debug|x86
		{5919ABDF-DE04-4972-A782-FCC0A406D8E0}.Debug|x86.Deploy.0 = Debug|x86
		{5919ABDF-DE04-4972-A782-FCC0A406D8E0}.Release|Any CPU.ActiveCfg = Release|x86
		{5919ABDF-DE04-4972-A782-FCC0A406D8E0}.Release|ARM.ActiveCfg = Release|ARM
		{5919ABDF-DE04-4972-A782-FCC0A406D8E0}.Release|ARM.Build.0 = Release|ARM
		{5919ABDF-DE04-4972-A782-FCC0A406D8E0}.Release|ARM.Deploy.0 = Release|ARM
		{5919ABDF-DE04-4972-A782-FCC0A406D8E0}.Release|iPhone.ActiveCfg = Release|x86
		{5919ABDF-DE04-4972-A782-FCC0A406D8E0}.Release|iPhoneSimulator.ActiveCfg = Release|x86
		{5919ABDF-DE04-4972-A782-FCC0A406D8E0}.Release|x64.ActiveCfg = Release|x64
		{5919ABDF-DE04-4972-A782-FCC0A406D8E0}.Release|x64.Build.0 = Release|x64
		{5919ABDF-DE04-4972-A782-FCC0A406D8E0}.Release|x64.Deploy.0 = Release|x64
		{5919ABDF-DE04-4972-A782-FCC0A406D8E0}.Release|x86.ActiveCfg = Release|x86
		{5919ABDF-DE04-4972-A782-FCC0A406D8E0}.Release|x86.Build.0 = Release|x86
		{5919ABDF-DE04-4972-A782-FCC0A406D8E0}.Release|x86.Deploy.0 = Release|x86
	EndGlobalSection
	GlobalSection(SolutionProperties) = preSolution
		HideSolutionNode = FALSE
	EndGlobalSection
	GlobalSection(ExtensibilityGlobals) = postSolution
		SolutionGuid = {B77DD430-5F03-4C95-A0B4-DEF7D20F8B0E}
	EndGlobalSection
EndGlobal
